// !$*UTF8*$!
{
	archiveVersion = 1;
	classes = {
	};
	objectVersion = 50;
	objects = {

/* Begin PBXBuildFile section */
		7310AD7B6516F55BC6D3A8EF /* Pods_Makestagram.framework in Frameworks */ = {isa = PBXBuildFile; fileRef = 7CD51248B24527A1EDE61AA8 /* Pods_Makestagram.framework */; };
		C901381320F6C341004310AD /* User.swift in Sources */ = {isa = PBXBuildFile; fileRef = C901381220F6C341004310AD /* User.swift */; };
		C901381720F6F7B3004310AD /* CreateUsernameViewController.swift in Sources */ = {isa = PBXBuildFile; fileRef = C901381620F6F7B3004310AD /* CreateUsernameViewController.swift */; };
		C901381920F705E1004310AD /* UserService.swift in Sources */ = {isa = PBXBuildFile; fileRef = C901381820F705E1004310AD /* UserService.swift */; };
		C901381B20F7C6C4004310AD /* Constants.swift in Sources */ = {isa = PBXBuildFile; fileRef = C901381A20F7C6C4004310AD /* Constants.swift */; };
		C901381D20F7C855004310AD /* Storyboard+Utility.swift in Sources */ = {isa = PBXBuildFile; fileRef = C901381C20F7C855004310AD /* Storyboard+Utility.swift */; };
		C901381F20F7F4BE004310AD /* HomeViewController.swift in Sources */ = {isa = PBXBuildFile; fileRef = C901381E20F7F4BE004310AD /* HomeViewController.swift */; };
		C901382120F7F4CA004310AD /* FindFriendsViewController.swift in Sources */ = {isa = PBXBuildFile; fileRef = C901382020F7F4CA004310AD /* FindFriendsViewController.swift */; };
		C901382320F916FF004310AD /* MainTabBarController.swift in Sources */ = {isa = PBXBuildFile; fileRef = C901382220F916FF004310AD /* MainTabBarController.swift */; };
		C901382520F91D27004310AD /* MGPhotoHelper.swift in Sources */ = {isa = PBXBuildFile; fileRef = C901382420F91D27004310AD /* MGPhotoHelper.swift */; };
		C901382720F942C8004310AD /* StorageService.swift in Sources */ = {isa = PBXBuildFile; fileRef = C901382620F942C8004310AD /* StorageService.swift */; };
		C901383120F9AB7C004310AD /* UIImage+Size.swift in Sources */ = {isa = PBXBuildFile; fileRef = C901383020F9AB7C004310AD /* UIImage+Size.swift */; };
		C901383320F9AD55004310AD /* PostService.swift in Sources */ = {isa = PBXBuildFile; fileRef = C901383220F9AD55004310AD /* PostService.swift */; };
		C901383520F9AD9E004310AD /* Post.swift in Sources */ = {isa = PBXBuildFile; fileRef = C901383420F9AD9E004310AD /* Post.swift */; };
		C901383720F9AECE004310AD /* StorageReference+Post.swift in Sources */ = {isa = PBXBuildFile; fileRef = C901383620F9AECE004310AD /* StorageReference+Post.swift */; };
		C901383B20F9B3AA004310AD /* Home.storyboard in Resources */ = {isa = PBXBuildFile; fileRef = C901383A20F9B3AA004310AD /* Home.storyboard */; };
		C901383D20F9BAD0004310AD /* PostImageCell.swift in Sources */ = {isa = PBXBuildFile; fileRef = C901383C20F9BAD0004310AD /* PostImageCell.swift */; };
		C901383F20FAC034004310AD /* PostHeaderCell.swift in Sources */ = {isa = PBXBuildFile; fileRef = C901383E20FAC034004310AD /* PostHeaderCell.swift */; };
		C946C04C20F54F8C006BE33F /* AppDelegate.swift in Sources */ = {isa = PBXBuildFile; fileRef = C946C04B20F54F8C006BE33F /* AppDelegate.swift */; };
		C946C05120F54F8C006BE33F /* Main.storyboard in Resources */ = {isa = PBXBuildFile; fileRef = C946C04F20F54F8C006BE33F /* Main.storyboard */; };
		C946C05320F54F8D006BE33F /* Assets.xcassets in Resources */ = {isa = PBXBuildFile; fileRef = C946C05220F54F8D006BE33F /* Assets.xcassets */; };
		C946C05620F54F8D006BE33F /* LaunchScreen.storyboard in Resources */ = {isa = PBXBuildFile; fileRef = C946C05420F54F8D006BE33F /* LaunchScreen.storyboard */; };
		C946C05E20F5665F006BE33F /* GoogleService-Info.plist in Resources */ = {isa = PBXBuildFile; fileRef = C946C05D20F5665F006BE33F /* GoogleService-Info.plist */; };
		C960AF7920FBC84500E6E1F3 /* PostActionCell.swift in Sources */ = {isa = PBXBuildFile; fileRef = C960AF7820FBC84500E6E1F3 /* PostActionCell.swift */; };
		C9893C8220F578A2001629D9 /* Login.storyboard in Resources */ = {isa = PBXBuildFile; fileRef = C9893C8020F578A2001629D9 /* Login.storyboard */; };
		C9893C8420F57943001629D9 /* LoginViewController.swift in Sources */ = {isa = PBXBuildFile; fileRef = C9893C8320F57943001629D9 /* LoginViewController.swift */; };
/* End PBXBuildFile section */

/* Begin PBXFileReference section */
		3B3FD8BA14C932ACDB7BD17C /* Pods-Makestagram.release.xcconfig */ = {isa = PBXFileReference; includeInIndex = 1; lastKnownFileType = text.xcconfig; name = "Pods-Makestagram.release.xcconfig"; path = "Pods/Target Support Files/Pods-Makestagram/Pods-Makestagram.release.xcconfig"; sourceTree = "<group>"; };
		7CD51248B24527A1EDE61AA8 /* Pods_Makestagram.framework */ = {isa = PBXFileReference; explicitFileType = wrapper.framework; includeInIndex = 0; path = Pods_Makestagram.framework; sourceTree = BUILT_PRODUCTS_DIR; };
		B2B1032BAFF6A354A1253ED9 /* Pods-Makestagram.debug.xcconfig */ = {isa = PBXFileReference; includeInIndex = 1; lastKnownFileType = text.xcconfig; name = "Pods-Makestagram.debug.xcconfig"; path = "Pods/Target Support Files/Pods-Makestagram/Pods-Makestagram.debug.xcconfig"; sourceTree = "<group>"; };
		C901381220F6C341004310AD /* User.swift */ = {isa = PBXFileReference; lastKnownFileType = sourcecode.swift; path = User.swift; sourceTree = "<group>"; };
		C901381620F6F7B3004310AD /* CreateUsernameViewController.swift */ = {isa = PBXFileReference; lastKnownFileType = sourcecode.swift; path = CreateUsernameViewController.swift; sourceTree = "<group>"; };
		C901381820F705E1004310AD /* UserService.swift */ = {isa = PBXFileReference; lastKnownFileType = sourcecode.swift; path = UserService.swift; sourceTree = "<group>"; };
		C901381A20F7C6C4004310AD /* Constants.swift */ = {isa = PBXFileReference; lastKnownFileType = sourcecode.swift; path = Constants.swift; sourceTree = "<group>"; };
		C901381C20F7C855004310AD /* Storyboard+Utility.swift */ = {isa = PBXFileReference; lastKnownFileType = sourcecode.swift; path = "Storyboard+Utility.swift"; sourceTree = "<group>"; };
		C901381E20F7F4BE004310AD /* HomeViewController.swift */ = {isa = PBXFileReference; lastKnownFileType = sourcecode.swift; path = HomeViewController.swift; sourceTree = "<group>"; };
		C901382020F7F4CA004310AD /* FindFriendsViewController.swift */ = {isa = PBXFileReference; lastKnownFileType = sourcecode.swift; path = FindFriendsViewController.swift; sourceTree = "<group>"; };
		C901382220F916FF004310AD /* MainTabBarController.swift */ = {isa = PBXFileReference; lastKnownFileType = sourcecode.swift; path = MainTabBarController.swift; sourceTree = "<group>"; };
		C901382420F91D27004310AD /* MGPhotoHelper.swift */ = {isa = PBXFileReference; lastKnownFileType = sourcecode.swift; path = MGPhotoHelper.swift; sourceTree = "<group>"; };
		C901382620F942C8004310AD /* StorageService.swift */ = {isa = PBXFileReference; lastKnownFileType = sourcecode.swift; path = StorageService.swift; sourceTree = "<group>"; };
		C901383020F9AB7C004310AD /* UIImage+Size.swift */ = {isa = PBXFileReference; lastKnownFileType = sourcecode.swift; path = "UIImage+Size.swift"; sourceTree = "<group>"; };
		C901383220F9AD55004310AD /* PostService.swift */ = {isa = PBXFileReference; lastKnownFileType = sourcecode.swift; path = PostService.swift; sourceTree = "<group>"; };
		C901383420F9AD9E004310AD /* Post.swift */ = {isa = PBXFileReference; lastKnownFileType = sourcecode.swift; path = Post.swift; sourceTree = "<group>"; };
		C901383620F9AECE004310AD /* StorageReference+Post.swift */ = {isa = PBXFileReference; lastKnownFileType = sourcecode.swift; path = "StorageReference+Post.swift"; sourceTree = "<group>"; };
		C901383A20F9B3AA004310AD /* Home.storyboard */ = {isa = PBXFileReference; fileEncoding = 4; lastKnownFileType = file.storyboard; path = Home.storyboard; sourceTree = "<group>"; };
		C901383C20F9BAD0004310AD /* PostImageCell.swift */ = {isa = PBXFileReference; lastKnownFileType = sourcecode.swift; path = PostImageCell.swift; sourceTree = "<group>"; };
		C901383E20FAC034004310AD /* PostHeaderCell.swift */ = {isa = PBXFileReference; lastKnownFileType = sourcecode.swift; path = PostHeaderCell.swift; sourceTree = "<group>"; };
		C946C04820F54F8C006BE33F /* Makestagram.app */ = {isa = PBXFileReference; explicitFileType = wrapper.application; includeInIndex = 0; path = Makestagram.app; sourceTree = BUILT_PRODUCTS_DIR; };
		C946C04B20F54F8C006BE33F /* AppDelegate.swift */ = {isa = PBXFileReference; lastKnownFileType = sourcecode.swift; path = AppDelegate.swift; sourceTree = "<group>"; };
		C946C05020F54F8C006BE33F /* Base */ = {isa = PBXFileReference; lastKnownFileType = file.storyboard; name = Base; path = Base.lproj/Main.storyboard; sourceTree = "<group>"; };
		C946C05220F54F8D006BE33F /* Assets.xcassets */ = {isa = PBXFileReference; lastKnownFileType = folder.assetcatalog; path = Assets.xcassets; sourceTree = "<group>"; };
		C946C05520F54F8D006BE33F /* Base */ = {isa = PBXFileReference; lastKnownFileType = file.storyboard; name = Base; path = Base.lproj/LaunchScreen.storyboard; sourceTree = "<group>"; };
		C946C05720F54F8D006BE33F /* Info.plist */ = {isa = PBXFileReference; lastKnownFileType = text.plist.xml; path = Info.plist; sourceTree = "<group>"; };
		C946C05D20F5665F006BE33F /* GoogleService-Info.plist */ = {isa = PBXFileReference; fileEncoding = 4; lastKnownFileType = text.plist.xml; path = "GoogleService-Info.plist"; sourceTree = "<group>"; };
		C960AF7820FBC84500E6E1F3 /* PostActionCell.swift */ = {isa = PBXFileReference; lastKnownFileType = sourcecode.swift; path = PostActionCell.swift; sourceTree = "<group>"; };
		C9893C8120F578A2001629D9 /* Base */ = {isa = PBXFileReference; lastKnownFileType = file.storyboard; name = Base; path = Storyboards/Base.lproj/Login.storyboard; sourceTree = "<group>"; };
		C9893C8320F57943001629D9 /* LoginViewController.swift */ = {isa = PBXFileReference; lastKnownFileType = sourcecode.swift; path = LoginViewController.swift; sourceTree = "<group>"; };
/* End PBXFileReference section */

/* Begin PBXFrameworksBuildPhase section */
		C946C04520F54F8C006BE33F /* Frameworks */ = {
			isa = PBXFrameworksBuildPhase;
			buildActionMask = 2147483647;
			files = (
				7310AD7B6516F55BC6D3A8EF /* Pods_Makestagram.framework in Frameworks */,
			);
			runOnlyForDeploymentPostprocessing = 0;
		};
/* End PBXFrameworksBuildPhase section */

/* Begin PBXGroup section */
		8C5C6CC383E4DE152697696B /* Pods */ = {
			isa = PBXGroup;
			children = (
				B2B1032BAFF6A354A1253ED9 /* Pods-Makestagram.debug.xcconfig */,
				3B3FD8BA14C932ACDB7BD17C /* Pods-Makestagram.release.xcconfig */,
			);
			name = Pods;
			sourceTree = "<group>";
		};
		C946C03F20F54F8C006BE33F = {
			isa = PBXGroup;
			children = (
				C946C04A20F54F8C006BE33F /* Makestagram */,
				C946C04920F54F8C006BE33F /* Products */,
				8C5C6CC383E4DE152697696B /* Pods */,
				D9A05F40DBD0A35C8F69E22F /* Frameworks */,
			);
			sourceTree = "<group>";
		};
		C946C04920F54F8C006BE33F /* Products */ = {
			isa = PBXGroup;
			children = (
				C946C04820F54F8C006BE33F /* Makestagram.app */,
			);
			name = Products;
			sourceTree = "<group>";
		};
		C946C04A20F54F8C006BE33F /* Makestagram */ = {
			isa = PBXGroup;
			children = (
				C946C04B20F54F8C006BE33F /* AppDelegate.swift */,
				C946C06220F571D0006BE33F /* Services */,
				C946C06320F571D6006BE33F /* Models */,
				C946C05F20F57042006BE33F /* Controllers */,
				C946C06420F571E3006BE33F /* Views */,
				C946C06620F572DE006BE33F /* Helpers */,
				C946C06020F57065006BE33F /* Storyboards */,
				C946C06120F57195006BE33F /* Supporting files */,
				C946C05220F54F8D006BE33F /* Assets.xcassets */,
				C946C06720F5738B006BE33F /* Extensions */,
			);
			path = Makestagram;
			sourceTree = "<group>";
		};
		C946C05F20F57042006BE33F /* Controllers */ = {
			isa = PBXGroup;
			children = (
				C9893C8320F57943001629D9 /* LoginViewController.swift */,
				C901381620F6F7B3004310AD /* CreateUsernameViewController.swift */,
				C901381E20F7F4BE004310AD /* HomeViewController.swift */,
				C901382020F7F4CA004310AD /* FindFriendsViewController.swift */,
				C901382220F916FF004310AD /* MainTabBarController.swift */,
			);
			path = Controllers;
			sourceTree = "<group>";
		};
		C946C06020F57065006BE33F /* Storyboards */ = {
			isa = PBXGroup;
			children = (
				C946C04F20F54F8C006BE33F /* Main.storyboard */,
				C946C05420F54F8D006BE33F /* LaunchScreen.storyboard */,
				C9893C8020F578A2001629D9 /* Login.storyboard */,
				C901383A20F9B3AA004310AD /* Home.storyboard */,
			);
			path = Storyboards;
			sourceTree = "<group>";
		};
		C946C06120F57195006BE33F /* Supporting files */ = {
			isa = PBXGroup;
			children = (
				C946C05720F54F8D006BE33F /* Info.plist */,
				C946C05D20F5665F006BE33F /* GoogleService-Info.plist */,
				C901381A20F7C6C4004310AD /* Constants.swift */,
			);
			path = "Supporting files";
			sourceTree = "<group>";
		};
		C946C06220F571D0006BE33F /* Services */ = {
			isa = PBXGroup;
			children = (
				C901381820F705E1004310AD /* UserService.swift */,
				C901382620F942C8004310AD /* StorageService.swift */,
				C901383220F9AD55004310AD /* PostService.swift */,
			);
			path = Services;
			sourceTree = "<group>";
		};
		C946C06320F571D6006BE33F /* Models */ = {
			isa = PBXGroup;
			children = (
				C901381220F6C341004310AD /* User.swift */,
				C901383420F9AD9E004310AD /* Post.swift */,
			);
			path = Models;
			sourceTree = "<group>";
		};
		C946C06420F571E3006BE33F /* Views */ = {
			isa = PBXGroup;
			children = (
				C901383C20F9BAD0004310AD /* PostImageCell.swift */,
				C901383E20FAC034004310AD /* PostHeaderCell.swift */,
				C960AF7820FBC84500E6E1F3 /* PostActionCell.swift */,
			);
			path = Views;
			sourceTree = "<group>";
		};
		C946C06620F572DE006BE33F /* Helpers */ = {
			isa = PBXGroup;
			children = (
				C901382420F91D27004310AD /* MGPhotoHelper.swift */,
			);
			path = Helpers;
			sourceTree = "<group>";
		};
		C946C06720F5738B006BE33F /* Extensions */ = {
			isa = PBXGroup;
			children = (
				C901381C20F7C855004310AD /* Storyboard+Utility.swift */,
				C901383020F9AB7C004310AD /* UIImage+Size.swift */,
				C901383620F9AECE004310AD /* StorageReference+Post.swift */,
			);
			name = Extensions;
			path = "New Group";
			sourceTree = "<group>";
		};
		D9A05F40DBD0A35C8F69E22F /* Frameworks */ = {
			isa = PBXGroup;
			children = (
				7CD51248B24527A1EDE61AA8 /* Pods_Makestagram.framework */,
			);
			name = Frameworks;
			sourceTree = "<group>";
		};
/* End PBXGroup section */

/* Begin PBXNativeTarget section */
		C946C04720F54F8C006BE33F /* Makestagram */ = {
			isa = PBXNativeTarget;
			buildConfigurationList = C946C05A20F54F8D006BE33F /* Build configuration list for PBXNativeTarget "Makestagram" */;
			buildPhases = (
				6050A6EA27BEBE2347F98279 /* [CP] Check Pods Manifest.lock */,
				C946C04420F54F8C006BE33F /* Sources */,
				C946C04520F54F8C006BE33F /* Frameworks */,
				C946C04620F54F8C006BE33F /* Resources */,
				5D6655C376385745CCFD90F3 /* [CP] Embed Pods Frameworks */,
				F504E3FCF7D0E1442B2461CB /* [CP] Copy Pods Resources */,
			);
			buildRules = (
			);
			dependencies = (
			);
			name = Makestagram;
			productName = Makestagram;
			productReference = C946C04820F54F8C006BE33F /* Makestagram.app */;
			productType = "com.apple.product-type.application";
		};
/* End PBXNativeTarget section */

/* Begin PBXProject section */
		C946C04020F54F8C006BE33F /* Project object */ = {
			isa = PBXProject;
			attributes = {
				LastSwiftUpdateCheck = 0940;
				LastUpgradeCheck = 0940;
				ORGANIZATIONNAME = "Make School";
				TargetAttributes = {
					C946C04720F54F8C006BE33F = {
						CreatedOnToolsVersion = 9.4.1;
					};
				};
			};
			buildConfigurationList = C946C04320F54F8C006BE33F /* Build configuration list for PBXProject "Makestagram" */;
			compatibilityVersion = "Xcode 9.3";
			developmentRegion = en;
			hasScannedForEncodings = 0;
			knownRegions = (
				en,
				Base,
			);
			mainGroup = C946C03F20F54F8C006BE33F;
			productRefGroup = C946C04920F54F8C006BE33F /* Products */;
			projectDirPath = "";
			projectRoot = "";
			targets = (
				C946C04720F54F8C006BE33F /* Makestagram */,
			);
		};
/* End PBXProject section */

/* Begin PBXResourcesBuildPhase section */
		C946C04620F54F8C006BE33F /* Resources */ = {
			isa = PBXResourcesBuildPhase;
			buildActionMask = 2147483647;
			files = (
				C946C05620F54F8D006BE33F /* LaunchScreen.storyboard in Resources */,
				C946C05E20F5665F006BE33F /* GoogleService-Info.plist in Resources */,
				C946C05320F54F8D006BE33F /* Assets.xcassets in Resources */,
				C901383B20F9B3AA004310AD /* Home.storyboard in Resources */,
				C9893C8220F578A2001629D9 /* Login.storyboard in Resources */,
				C946C05120F54F8C006BE33F /* Main.storyboard in Resources */,
			);
			runOnlyForDeploymentPostprocessing = 0;
		};
/* End PBXResourcesBuildPhase section */

/* Begin PBXShellScriptBuildPhase section */
		5D6655C376385745CCFD90F3 /* [CP] Embed Pods Frameworks */ = {
			isa = PBXShellScriptBuildPhase;
			buildActionMask = 2147483647;
			files = (
			);
			inputPaths = (
				"${SRCROOT}/Pods/Target Support Files/Pods-Makestagram/Pods-Makestagram-frameworks.sh",
				"${BUILT_PRODUCTS_DIR}/GTMSessionFetcher/GTMSessionFetcher.framework",
				"${BUILT_PRODUCTS_DIR}/GoogleToolboxForMac/GoogleToolboxForMac.framework",
				"${BUILT_PRODUCTS_DIR}/Kingfisher/Kingfisher.framework",
				"${BUILT_PRODUCTS_DIR}/leveldb-library/leveldb.framework",
				"${BUILT_PRODUCTS_DIR}/nanopb/nanopb.framework",
			);
			name = "[CP] Embed Pods Frameworks";
			outputPaths = (
				"${TARGET_BUILD_DIR}/${FRAMEWORKS_FOLDER_PATH}/GTMSessionFetcher.framework",
				"${TARGET_BUILD_DIR}/${FRAMEWORKS_FOLDER_PATH}/GoogleToolboxForMac.framework",
				"${TARGET_BUILD_DIR}/${FRAMEWORKS_FOLDER_PATH}/Kingfisher.framework",
				"${TARGET_BUILD_DIR}/${FRAMEWORKS_FOLDER_PATH}/leveldb.framework",
				"${TARGET_BUILD_DIR}/${FRAMEWORKS_FOLDER_PATH}/nanopb.framework",
			);
			runOnlyForDeploymentPostprocessing = 0;
			shellPath = /bin/sh;
			shellScript = "\"${SRCROOT}/Pods/Target Support Files/Pods-Makestagram/Pods-Makestagram-frameworks.sh\"\n";
			showEnvVarsInLog = 0;
		};
		6050A6EA27BEBE2347F98279 /* [CP] Check Pods Manifest.lock */ = {
			isa = PBXShellScriptBuildPhase;
			buildActionMask = 2147483647;
			files = (
			);
			inputPaths = (
				"${PODS_PODFILE_DIR_PATH}/Podfile.lock",
				"${PODS_ROOT}/Manifest.lock",
			);
			name = "[CP] Check Pods Manifest.lock";
			outputPaths = (
				"$(DERIVED_FILE_DIR)/Pods-Makestagram-checkManifestLockResult.txt",
			);
			runOnlyForDeploymentPostprocessing = 0;
			shellPath = /bin/sh;
			shellScript = "diff \"${PODS_PODFILE_DIR_PATH}/Podfile.lock\" \"${PODS_ROOT}/Manifest.lock\" > /dev/null\nif [ $? != 0 ] ; then\n    # print error to STDERR\n    echo \"error: The sandbox is not in sync with the Podfile.lock. Run 'pod install' or update your CocoaPods installation.\" >&2\n    exit 1\nfi\n# This output is used by Xcode 'outputs' to avoid re-running this script phase.\necho \"SUCCESS\" > \"${SCRIPT_OUTPUT_FILE_0}\"\n";
			showEnvVarsInLog = 0;
		};
		F504E3FCF7D0E1442B2461CB /* [CP] Copy Pods Resources */ = {
			isa = PBXShellScriptBuildPhase;
			buildActionMask = 2147483647;
			files = (
			);
			inputPaths = (
				"${SRCROOT}/Pods/Target Support Files/Pods-Makestagram/Pods-Makestagram-resources.sh",
				"${PODS_CONFIGURATION_BUILD_DIR}/FirebaseUI/FirebaseAuthUI.bundle",
			);
			name = "[CP] Copy Pods Resources";
			outputPaths = (
				"${TARGET_BUILD_DIR}/${UNLOCALIZED_RESOURCES_FOLDER_PATH}/FirebaseAuthUI.bundle",
			);
			runOnlyForDeploymentPostprocessing = 0;
			shellPath = /bin/sh;
			shellScript = "\"${SRCROOT}/Pods/Target Support Files/Pods-Makestagram/Pods-Makestagram-resources.sh\"\n";
			showEnvVarsInLog = 0;
		};
/* End PBXShellScriptBuildPhase section */

/* Begin PBXSourcesBuildPhase section */
		C946C04420F54F8C006BE33F /* Sources */ = {
			isa = PBXSourcesBuildPhase;
			buildActionMask = 2147483647;
			files = (
				C901381320F6C341004310AD /* User.swift in Sources */,
				C901382720F942C8004310AD /* StorageService.swift in Sources */,
				C9893C8420F57943001629D9 /* LoginViewController.swift in Sources */,
				C901382320F916FF004310AD /* MainTabBarController.swift in Sources */,
				C901381920F705E1004310AD /* UserService.swift in Sources */,
				C960AF7920FBC84500E6E1F3 /* PostActionCell.swift in Sources */,
				C901383120F9AB7C004310AD /* UIImage+Size.swift in Sources */,
				C901383D20F9BAD0004310AD /* PostImageCell.swift in Sources */,
				C901381F20F7F4BE004310AD /* HomeViewController.swift in Sources */,
				C901382520F91D27004310AD /* MGPhotoHelper.swift in Sources */,
				C901381D20F7C855004310AD /* Storyboard+Utility.swift in Sources */,
				C901383520F9AD9E004310AD /* Post.swift in Sources */,
				C901383320F9AD55004310AD /* PostService.swift in Sources */,
				C901383720F9AECE004310AD /* StorageReference+Post.swift in Sources */,
				C901382120F7F4CA004310AD /* FindFriendsViewController.swift in Sources */,
				C901381B20F7C6C4004310AD /* Constants.swift in Sources */,
				C901381720F6F7B3004310AD /* CreateUsernameViewController.swift in Sources */,
				C901383F20FAC034004310AD /* PostHeaderCell.swift in Sources */,
				C946C04C20F54F8C006BE33F /* AppDelegate.swift in Sources */,
			);
			runOnlyForDeploymentPostprocessing = 0;
		};
/* End PBXSourcesBuildPhase section */

/* Begin PBXVariantGroup section */
		C946C04F20F54F8C006BE33F /* Main.storyboard */ = {
			isa = PBXVariantGroup;
			children = (
				C946C05020F54F8C006BE33F /* Base */,
			);
			name = Main.storyboard;
			sourceTree = "<group>";
		};
		C946C05420F54F8D006BE33F /* LaunchScreen.storyboard */ = {
			isa = PBXVariantGroup;
			children = (
				C946C05520F54F8D006BE33F /* Base */,
			);
			name = LaunchScreen.storyboard;
			sourceTree = "<group>";
		};
		C9893C8020F578A2001629D9 /* Login.storyboard */ = {
			isa = PBXVariantGroup;
			children = (
				C9893C8120F578A2001629D9 /* Base */,
			);
			name = Login.storyboard;
			sourceTree = "<group>";
		};
/* End PBXVariantGroup section */

/* Begin XCBuildConfiguration section */
		C946C05820F54F8D006BE33F /* Debug */ = {
			isa = XCBuildConfiguration;
			buildSettings = {
				ALWAYS_SEARCH_USER_PATHS = NO;
				CLANG_ANALYZER_NONNULL = YES;
				CLANG_ANALYZER_NUMBER_OBJECT_CONVERSION = YES_AGGRESSIVE;
				CLANG_CXX_LANGUAGE_STANDARD = "gnu++14";
				CLANG_CXX_LIBRARY = "libc++";
				CLANG_ENABLE_MODULES = YES;
				CLANG_ENABLE_OBJC_ARC = YES;
				CLANG_ENABLE_OBJC_WEAK = YES;
				CLANG_WARN_BLOCK_CAPTURE_AUTORELEASING = YES;
				CLANG_WARN_BOOL_CONVERSION = YES;
				CLANG_WARN_COMMA = YES;
				CLANG_WARN_CONSTANT_CONVERSION = YES;
				CLANG_WARN_DEPRECATED_OBJC_IMPLEMENTATIONS = YES;
				CLANG_WARN_DIRECT_OBJC_ISA_USAGE = YES_ERROR;
				CLANG_WARN_DOCUMENTATION_COMMENTS = YES;
				CLANG_WARN_EMPTY_BODY = YES;
				CLANG_WARN_ENUM_CONVERSION = YES;
				CLANG_WARN_INFINITE_RECURSION = YES;
				CLANG_WARN_INT_CONVERSION = YES;
				CLANG_WARN_NON_LITERAL_NULL_CONVERSION = YES;
				CLANG_WARN_OBJC_IMPLICIT_RETAIN_SELF = YES;
				CLANG_WARN_OBJC_LITERAL_CONVERSION = YES;
				CLANG_WARN_OBJC_ROOT_CLASS = YES_ERROR;
				CLANG_WARN_RANGE_LOOP_ANALYSIS = YES;
				CLANG_WARN_STRICT_PROTOTYPES = YES;
				CLANG_WARN_SUSPICIOUS_MOVE = YES;
				CLANG_WARN_UNGUARDED_AVAILABILITY = YES_AGGRESSIVE;
				CLANG_WARN_UNREACHABLE_CODE = YES;
				CLANG_WARN__DUPLICATE_METHOD_MATCH = YES;
				CODE_SIGN_IDENTITY = "iPhone Developer";
				COPY_PHASE_STRIP = NO;
				DEBUG_INFORMATION_FORMAT = dwarf;
				ENABLE_STRICT_OBJC_MSGSEND = YES;
				ENABLE_TESTABILITY = YES;
				GCC_C_LANGUAGE_STANDARD = gnu11;
				GCC_DYNAMIC_NO_PIC = NO;
				GCC_NO_COMMON_BLOCKS = YES;
				GCC_OPTIMIZATION_LEVEL = 0;
				GCC_PREPROCESSOR_DEFINITIONS = (
					"DEBUG=1",
					"$(inherited)",
				);
				GCC_WARN_64_TO_32_BIT_CONVERSION = YES;
				GCC_WARN_ABOUT_RETURN_TYPE = YES_ERROR;
				GCC_WARN_UNDECLARED_SELECTOR = YES;
				GCC_WARN_UNINITIALIZED_AUTOS = YES_AGGRESSIVE;
				GCC_WARN_UNUSED_FUNCTION = YES;
				GCC_WARN_UNUSED_VARIABLE = YES;
				IPHONEOS_DEPLOYMENT_TARGET = 11.4;
				MTL_ENABLE_DEBUG_INFO = YES;
				ONLY_ACTIVE_ARCH = YES;
				SDKROOT = iphoneos;
				SWIFT_ACTIVE_COMPILATION_CONDITIONS = DEBUG;
				SWIFT_OPTIMIZATION_LEVEL = "-Onone";
			};
			name = Debug;
		};
		C946C05920F54F8D006BE33F /* Release */ = {
			isa = XCBuildConfiguration;
			buildSettings = {
				ALWAYS_SEARCH_USER_PATHS = NO;
				CLANG_ANALYZER_NONNULL = YES;
				CLANG_ANALYZER_NUMBER_OBJECT_CONVERSION = YES_AGGRESSIVE;
				CLANG_CXX_LANGUAGE_STANDARD = "gnu++14";
				CLANG_CXX_LIBRARY = "libc++";
				CLANG_ENABLE_MODULES = YES;
				CLANG_ENABLE_OBJC_ARC = YES;
				CLANG_ENABLE_OBJC_WEAK = YES;
				CLANG_WARN_BLOCK_CAPTURE_AUTORELEASING = YES;
				CLANG_WARN_BOOL_CONVERSION = YES;
				CLANG_WARN_COMMA = YES;
				CLANG_WARN_CONSTANT_CONVERSION = YES;
				CLANG_WARN_DEPRECATED_OBJC_IMPLEMENTATIONS = YES;
				CLANG_WARN_DIRECT_OBJC_ISA_USAGE = YES_ERROR;
				CLANG_WARN_DOCUMENTATION_COMMENTS = YES;
				CLANG_WARN_EMPTY_BODY = YES;
				CLANG_WARN_ENUM_CONVERSION = YES;
				CLANG_WARN_INFINITE_RECURSION = YES;
				CLANG_WARN_INT_CONVERSION = YES;
				CLANG_WARN_NON_LITERAL_NULL_CONVERSION = YES;
				CLANG_WARN_OBJC_IMPLICIT_RETAIN_SELF = YES;
				CLANG_WARN_OBJC_LITERAL_CONVERSION = YES;
				CLANG_WARN_OBJC_ROOT_CLASS = YES_ERROR;
				CLANG_WARN_RANGE_LOOP_ANALYSIS = YES;
				CLANG_WARN_STRICT_PROTOTYPES = YES;
				CLANG_WARN_SUSPICIOUS_MOVE = YES;
				CLANG_WARN_UNGUARDED_AVAILABILITY = YES_AGGRESSIVE;
				CLANG_WARN_UNREACHABLE_CODE = YES;
				CLANG_WARN__DUPLICATE_METHOD_MATCH = YES;
				CODE_SIGN_IDENTITY = "iPhone Developer";
				COPY_PHASE_STRIP = NO;
				DEBUG_INFORMATION_FORMAT = "dwarf-with-dsym";
				ENABLE_NS_ASSERTIONS = NO;
				ENABLE_STRICT_OBJC_MSGSEND = YES;
				GCC_C_LANGUAGE_STANDARD = gnu11;
				GCC_NO_COMMON_BLOCKS = YES;
				GCC_WARN_64_TO_32_BIT_CONVERSION = YES;
				GCC_WARN_ABOUT_RETURN_TYPE = YES_ERROR;
				GCC_WARN_UNDECLARED_SELECTOR = YES;
				GCC_WARN_UNINITIALIZED_AUTOS = YES_AGGRESSIVE;
				GCC_WARN_UNUSED_FUNCTION = YES;
				GCC_WARN_UNUSED_VARIABLE = YES;
				IPHONEOS_DEPLOYMENT_TARGET = 11.4;
				MTL_ENABLE_DEBUG_INFO = NO;
				SDKROOT = iphoneos;
				SWIFT_COMPILATION_MODE = wholemodule;
				SWIFT_OPTIMIZATION_LEVEL = "-O";
				VALIDATE_PRODUCT = YES;
			};
			name = Release;
		};
		C946C05B20F54F8D006BE33F /* Debug */ = {
			isa = XCBuildConfiguration;
			baseConfigurationReference = B2B1032BAFF6A354A1253ED9 /* Pods-Makestagram.debug.xcconfig */;
			buildSettings = {
				ASSETCATALOG_COMPILER_APPICON_NAME = AppIcon;
				CODE_SIGN_STYLE = Automatic;
				INFOPLIST_FILE = "$(SRCROOT)/Makestagram/Supporting files/Info.plist";
				LD_RUNPATH_SEARCH_PATHS = (
					"$(inherited)",
					"@executable_path/Frameworks",
				);
				PRODUCT_BUNDLE_IDENTIFIER = com.makeschool.Makestagram;
				PRODUCT_NAME = "$(TARGET_NAME)";
				SWIFT_VERSION = 4.0;
				TARGETED_DEVICE_FAMILY = "1,2";
			};
			name = Debug;
		};
		C946C05C20F54F8D006BE33F /* Release */ = {
			isa = XCBuildConfiguration;
			baseConfigurationReference = 3B3FD8BA14C932ACDB7BD17C /* Pods-Makestagram.release.xcconfig */;
			buildSettings = {
				ASSETCATALOG_COMPILER_APPICON_NAME = AppIcon;
				CODE_SIGN_STYLE = Automatic;
				INFOPLIST_FILE = "$(SRCROOT)/Makestagram/Supporting files/Info.plist";
				LD_RUNPATH_SEARCH_PATHS = (
					"$(inherited)",
					"@executable_path/Frameworks",
				);
				PRODUCT_BUNDLE_IDENTIFIER = com.makeschool.Makestagram;
				PRODUCT_NAME = "$(TARGET_NAME)";
				SWIFT_VERSION = 4.0;
				TARGETED_DEVICE_FAMILY = "1,2";
			};
			name = Release;
		};
/* End XCBuildConfiguration section */

/* Begin XCConfigurationList section */
		C946C04320F54F8C006BE33F /* Build configuration list for PBXProject "Makestagram" */ = {
			isa = XCConfigurationList;
			buildConfigurations = (
				C946C05820F54F8D006BE33F /* Debug */,
				C946C05920F54F8D006BE33F /* Release */,
			);
			defaultConfigurationIsVisible = 0;
			defaultConfigurationName = Release;
		};
		C946C05A20F54F8D006BE33F /* Build configuration list for PBXNativeTarget "Makestagram" */ = {
			isa = XCConfigurationList;
			buildConfigurations = (
				C946C05B20F54F8D006BE33F /* Debug */,
				C946C05C20F54F8D006BE33F /* Release */,
			);
			defaultConfigurationIsVisible = 0;
			defaultConfigurationName = Release;
		};
/* End XCConfigurationList section */
	};
	rootObject = C946C04020F54F8C006BE33F /* Project object */;
}
